// !$*UTF8*$!
{
	archiveVersion = 1;
	classes = {
	};
	objectVersion = 50;
	objects = {

/* Begin PBXBuildFile section */
		5643671821804EC10051EC69 /* main.m in Sources */ = {isa = PBXBuildFile; fileRef = 5643671721804EC10051EC69 /* main.m */; };
		5643672021804EF10051EC69 /* HPPerson1.m in Sources */ = {isa = PBXBuildFile; fileRef = 5643671F21804EF10051EC69 /* HPPerson1.m */; };
		5643672621805F240051EC69 /* HPPerson2.m in Sources */ = {isa = PBXBuildFile; fileRef = 5643672521805F240051EC69 /* HPPerson2.m */; };
		564367292181A0BF0051EC69 /* HPPerson3.m in Sources */ = {isa = PBXBuildFile; fileRef = 564367282181A0BF0051EC69 /* HPPerson3.m */; };
/* End PBXBuildFile section */

/* Begin PBXCopyFilesBuildPhase section */
		5643671221804EC10051EC69 /* CopyFiles */ = {
			isa = PBXCopyFilesBuildPhase;
			buildActionMask = 2147483647;
			dstPath = /usr/share/man/man1/;
			dstSubfolderSpec = 0;
			files = (
			);
			runOnlyForDeploymentPostprocessing = 1;
		};
/* End PBXCopyFilesBuildPhase section */

/* Begin PBXFileReference section */
		5643671421804EC10051EC69 /* HPMaskDemo */ = {isa = PBXFileReference; explicitFileType = "compiled.mach-o.executable"; includeInIndex = 0; path = HPMaskDemo; sourceTree = BUILT_PRODUCTS_DIR; };
		5643671721804EC10051EC69 /* main.m */ = {isa = PBXFileReference; lastKnownFileType = sourcecode.c.objc; path = main.m; sourceTree = "<group>"; };
		5643671E21804EF10051EC69 /* HPPerson1.h */ = {isa = PBXFileReference; lastKnownFileType = sourcecode.c.h; path = HPPerson1.h; sourceTree = "<group>"; };
		5643671F21804EF10051EC69 /* HPPerson1.m */ = {isa = PBXFileReference; lastKnownFileType = sourcecode.c.objc; path = HPPerson1.m; sourceTree = "<group>"; };
		5643672421805F240051EC69 /* HPPerson2.h */ = {isa = PBXFileReference; lastKnownFileType = sourcecode.c.h; path = HPPerson2.h; sourceTree = "<group>"; };
		5643672521805F240051EC69 /* HPPerson2.m */ = {isa = PBXFileReference; lastKnownFileType = sourcecode.c.objc; path = HPPerson2.m; sourceTree = "<group>"; };
		564367272181A0BF0051EC69 /* HPPerson3.h */ = {isa = PBXFileReference; lastKnownFileType = sourcecode.c.h; path = HPPerson3.h; sourceTree = "<group>"; };
		564367282181A0BF0051EC69 /* HPPerson3.m */ = {isa = PBXFileReference; lastKnownFileType = sourcecode.c.objc; path = HPPerson3.m; sourceTree = "<group>"; };
/* End PBXFileReference section */

/* Begin PBXFrameworksBuildPhase section */
		5643671121804EC10051EC69 /* Frameworks */ = {
			isa = PBXFrameworksBuildPhase;
			buildActionMask = 2147483647;
			files = (
			);
			runOnlyForDeploymentPostprocessing = 0;
		};
/* End PBXFrameworksBuildPhase section */

/* Begin PBXGroup section */
		5643670B21804EC10051EC69 = {
			isa = PBXGroup;
			children = (
				5643671621804EC10051EC69 /* HPMaskDemo */,
				5643671521804EC10051EC69 /* Products */,
			);
			sourceTree = "<group>";
		};
		5643671521804EC10051EC69 /* Products */ = {
			isa = PBXGroup;
			children = (
				5643671421804EC10051EC69 /* HPMaskDemo */,
			);
			name = Products;
			sourceTree = "<group>";
		};
		5643671621804EC10051EC69 /* HPMaskDemo */ = {
			isa = PBXGroup;
			children = (
				5643671721804EC10051EC69 /* main.m */,
				5643671E21804EF10051EC69 /* HPPerson1.h */,
				5643671F21804EF10051EC69 /* HPPerson1.m */,
				5643672421805F240051EC69 /* HPPerson2.h */,
				5643672521805F240051EC69 /* HPPerson2.m */,
				564367272181A0BF0051EC69 /* HPPerson3.h */,
				564367282181A0BF0051EC69 /* HPPerson3.m */,
			);
			path = HPMaskDemo;
			sourceTree = "<group>";
		};
/* End PBXGroup section */

/* Begin PBXNativeTarget section */
		5643671321804EC10051EC69 /* HPMaskDemo */ = {
			isa = PBXNativeTarget;
			buildConfigurationList = 5643671B21804EC10051EC69 /* Build configuration list for PBXNativeTarget "HPMaskDemo" */;
			buildPhases = (
				5643671021804EC10051EC69 /* Sources */,
				5643671121804EC10051EC69 /* Frameworks */,
				5643671221804EC10051EC69 /* CopyFiles */,
			);
			buildRules = (
			);
			dependencies = (
			);
			name = HPMaskDemo;
			productName = HPMaskDemo;
			productReference = 5643671421804EC10051EC69 /* HPMaskDemo */;
			productType = "com.apple.product-type.tool";
		};
/* End PBXNativeTarget section */

/* Begin PBXProject section */
		5643670C21804EC10051EC69 /* Project object */ = {
			isa = PBXProject;
			attributes = {
				LastUpgradeCheck = 0940;
				ORGANIZATIONNAME = "王辉平";
				TargetAttributes = {
					5643671321804EC10051EC69 = {
						CreatedOnToolsVersion = 9.4.1;
					};
				};
			};
			buildConfigurationList = 5643670F21804EC10051EC69 /* Build configuration list for PBXProject "HPMaskDemo" */;
			compatibilityVersion = "Xcode 9.3";
			developmentRegion = en;
			hasScannedForEncodings = 0;
			knownRegions = (
				en,
			);
			mainGroup = 5643670B21804EC10051EC69;
			productRefGroup = 5643671521804EC10051EC69 /* Products */;
			projectDirPath = "";
			projectRoot = "";
			targets = (
				5643671321804EC10051EC69 /* HPMaskDemo */,
			);
		};
/* End PBXProject section */

/* Begin PBXSourcesBuildPhase section */
		5643671021804EC10051EC69 /* Sources */ = {
			isa = PBXSourcesBuildPhase;
			buildActionMask = 2147483647;
			files = (
				564367292181A0BF0051EC69 /* HPPerson3.m in Sources */,
				5643672021804EF10051EC69 /* HPPerson1.m in Sources */,
				5643671821804EC10051EC69 /* main.m in Sources */,
				5643672621805F240051EC69 /* HPPerson2.m in Sources */,
			);
			runOnlyForDeploymentPostprocessing = 0;
		};
/* End PBXSourcesBuildPhase section */

/* Begin XCBuildConfiguration section */
		5643671921804EC10051EC69 /* Debug */ = {
			isa = XCBuildConfiguration;
			buildSettings = {
				ALWAYS_SEARCH_USER_PATHS = NO;
				CLANG_ANALYZER_NONNULL = YES;
				CLANG_ANALYZER_NUMBER_OBJECT_CONVERSION = YES_AGGRESSIVE;
				CLANG_CXX_LANGUAGE_STANDARD = "gnu++14";
				CLANG_CXX_LIBRARY = "libc++";
				CLANG_ENABLE_MODULES = YES;
				CLANG_ENABLE_OBJC_ARC = YES;
				CLANG_ENABLE_OBJC_WEAK = YES;
				CLANG_WARN_BLOCK_CAPTURE_AUTORELEASING = YES;
				CLANG_WARN_BOOL_CONVERSION = YES;
				CLANG_WARN_COMMA = YES;
				CLANG_WARN_CONSTANT_CONVERSION = YES;
				CLANG_WARN_DEPRECATED_OBJC_IMPLEMENTATIONS = YES;
				CLANG_WARN_DIRECT_OBJC_ISA_USAGE = YES_ERROR;
				CLANG_WARN_DOCUMENTATION_COMMENTS = YES;
				CLANG_WARN_EMPTY_BODY = YES;
				CLANG_WARN_ENUM_CONVERSION = YES;
				CLANG_WARN_INFINITE_RECURSION = YES;
				CLANG_WARN_INT_CONVERSION = YES;
				CLANG_WARN_NON_LITERAL_NULL_CONVERSION = YES;
				CLANG_WARN_OBJC_IMPLICIT_RETAIN_SELF = YES;
				CLANG_WARN_OBJC_LITERAL_CONVERSION = YES;
				CLANG_WARN_OBJC_ROOT_CLASS = YES_ERROR;
				CLANG_WARN_RANGE_LOOP_ANALYSIS = YES;
				CLANG_WARN_STRICT_PROTOTYPES = YES;
				CLANG_WARN_SUSPICIOUS_MOVE = YES;
				CLANG_WARN_UNGUARDED_AVAILABILITY = YES_AGGRESSIVE;
				CLANG_WARN_UNREACHABLE_CODE = YES;
				CLANG_WARN__DUPLICATE_METHOD_MATCH = YES;
				CODE_SIGN_IDENTITY = "-";
				COPY_PHASE_STRIP = NO;
				DEBUG_INFORMATION_FORMAT = dwarf;
				ENABLE_STRICT_OBJC_MSGSEND = YES;
				ENABLE_TESTABILITY = YES;
				GCC_C_LANGUAGE_STANDARD = gnu11;
				GCC_DYNAMIC_NO_PIC = NO;
				GCC_NO_COMMON_BLOCKS = YES;
				GCC_OPTIMIZATION_LEVEL = 0;
				GCC_PREPROCESSOR_DEFINITIONS = (
					"DEBUG=1",
					"$(inherited)",
				);
				GCC_WARN_64_TO_32_BIT_CONVERSION = YES;
				GCC_WARN_ABOUT_RETURN_TYPE = YES_ERROR;
				GCC_WARN_UNDECLARED_SELECTOR = YES;
				GCC_WARN_UNINITIALIZED_AUTOS = YES_AGGRESSIVE;
				GCC_WARN_UNUSED_FUNCTION = YES;
				GCC_WARN_UNUSED_VARIABLE = YES;
				MACOSX_DEPLOYMENT_TARGET = 10.13;
				MTL_ENABLE_DEBUG_INFO = YES;
				ONLY_ACTIVE_ARCH = YES;
				SDKROOT = macosx;
			};
			name = Debug;
		};
		5643671A21804EC10051EC69 /* Release */ = {
			isa = XCBuildConfiguration;
			buildSettings = {
				ALWAYS_SEARCH_USER_PATHS = NO;
				CLANG_ANALYZER_NONNULL = YES;
				CLANG_ANALYZER_NUMBER_OBJECT_CONVERSION = YES_AGGRESSIVE;
				CLANG_CXX_LANGUAGE_STANDARD = "gnu++14";
				CLANG_CXX_LIBRARY = "libc++";
				CLANG_ENABLE_MODULES = YES;
				CLANG_ENABLE_OBJC_ARC = YES;
				CLANG_ENABLE_OBJC_WEAK = YES;
				CLANG_WARN_BLOCK_CAPTURE_AUTORELEASING = YES;
				CLANG_WARN_BOOL_CONVERSION = YES;
				CLANG_WARN_COMMA = YES;
				CLANG_WARN_CONSTANT_CONVERSION = YES;
				CLANG_WARN_DEPRECATED_OBJC_IMPLEMENTATIONS = YES;
				CLANG_WARN_DIRECT_OBJC_ISA_USAGE = YES_ERROR;
				CLANG_WARN_DOCUMENTATION_COMMENTS = YES;
				CLANG_WARN_EMPTY_BODY = YES;
				CLANG_WARN_ENUM_CONVERSION = YES;
				CLANG_WARN_INFINITE_RECURSION = YES;
				CLANG_WARN_INT_CONVERSION = YES;
				CLANG_WARN_NON_LITERAL_NULL_CONVERSION = YES;
				CLANG_WARN_OBJC_IMPLICIT_RETAIN_SELF = YES;
				CLANG_WARN_OBJC_LITERAL_CONVERSION = YES;
				CLANG_WARN_OBJC_ROOT_CLASS = YES_ERROR;
				CLANG_WARN_RANGE_LOOP_ANALYSIS = YES;
				CLANG_WARN_STRICT_PROTOTYPES = YES;
				CLANG_WARN_SUSPICIOUS_MOVE = YES;
				CLANG_WARN_UNGUARDED_AVAILABILITY = YES_AGGRESSIVE;
				CLANG_WARN_UNREACHABLE_CODE = YES;
				CLANG_WARN__DUPLICATE_METHOD_MATCH = YES;
				CODE_SIGN_IDENTITY = "-";
				COPY_PHASE_STRIP = NO;
				DEBUG_INFORMATION_FORMAT = "dwarf-with-dsym";
				ENABLE_NS_ASSERTIONS = NO;
				ENABLE_STRICT_OBJC_MSGSEND = YES;
				GCC_C_LANGUAGE_STANDARD = gnu11;
				GCC_NO_COMMON_BLOCKS = YES;
				GCC_WARN_64_TO_32_BIT_CONVERSION = YES;
				GCC_WARN_ABOUT_RETURN_TYPE = YES_ERROR;
				GCC_WARN_UNDECLARED_SELECTOR = YES;
				GCC_WARN_UNINITIALIZED_AUTOS = YES_AGGRESSIVE;
				GCC_WARN_UNUSED_FUNCTION = YES;
				GCC_WARN_UNUSED_VARIABLE = YES;
				MACOSX_DEPLOYMENT_TARGET = 10.13;
				MTL_ENABLE_DEBUG_INFO = NO;
				SDKROOT = macosx;
			};
			name = Release;
		};
		5643671C21804EC10051EC69 /* Debug */ = {
			isa = XCBuildConfiguration;
			buildSettings = {
				CODE_SIGN_STYLE = Automatic;
				PRODUCT_NAME = "$(TARGET_NAME)";
			};
			name = Debug;
		};
		5643671D21804EC10051EC69 /* Release */ = {
			isa = XCBuildConfiguration;
			buildSettings = {
				CODE_SIGN_STYLE = Automatic;
				PRODUCT_NAME = "$(TARGET_NAME)";
			};
			name = Release;
		};
/* End XCBuildConfiguration section */

/* Begin XCConfigurationList section */
		5643670F21804EC10051EC69 /* Build configuration list for PBXProject "HPMaskDemo" */ = {
			isa = XCConfigurationList;
			buildConfigurations = (
				5643671921804EC10051EC69 /* Debug */,
				5643671A21804EC10051EC69 /* Release */,
			);
			defaultConfigurationIsVisible = 0;
			defaultConfigurationName = Release;
		};
		5643671B21804EC10051EC69 /* Build configuration list for PBXNativeTarget "HPMaskDemo" */ = {
			isa = XCConfigurationList;
			buildConfigurations = (
				5643671C21804EC10051EC69 /* Debug */,
				5643671D21804EC10051EC69 /* Release */,
			);
			defaultConfigurationIsVisible = 0;
			defaultConfigurationName = Release;
		};
/* End XCConfigurationList section */
	};
	rootObject = 5643670C21804EC10051EC69 /* Project object */;
}
